
Microsoft Visual Studio Solution File, Format Version 12.00
# Visual Studio Version 17
VisualStudioVersion = 17.4.33122.133
MinimumVisualStudioVersion = 10.0.40219.1
Project("{FAE04EC0-301F-11D3-BF4B-00C04F79EFBC}") = "Football_project", "Football_project.csproj", "{B8FFA0F4-FCA9-4291-8D01-16D1CBEDBE95}"
EndProject
Global
	GlobalSection(SolutionConfigurationPlatforms) = preSolution
		Debug|Any CPU = Debug|Any CPU
		Release|Any CPU = Release|Any CPU
	EndGlobalSection
	GlobalSection(ProjectConfigurationPlatforms) = postSolution
		{B8FFA0F4-FCA9-4291-8D01-16D1CBEDBE95}.Debug|Any CPU.ActiveCfg = Debug|Any CPU
		{B8FFA0F4-FCA9-4291-8D01-16D1CBEDBE95}.Debug|Any CPU.Build.0 = Debug|Any CPU
		{B8FFA0F4-FCA9-4291-8D01-16D1CBEDBE95}.Release|Any CPU.ActiveCfg = Release|Any CPU
		{B8FFA0F4-FCA9-4291-8D01-16D1CBEDBE95}.Release|Any CPU.Build.0 = Release|Any CPU
	EndGlobalSection
	GlobalSection(SolutionProperties) = preSolution
		HideSolutionNode = FALSE
	EndGlobalSection
	GlobalSection(ExtensibilityGlobals) = postSolution
		SolutionGuid = {F63CDCEE-B119-4656-9833-AB22B5D49045}
	EndGlobalSection
EndGlobal
